
Microsoft Visual Studio Solution File, Format Version 12.00
# Visual Studio Version 17
VisualStudioVersion = 17.6.33829.357
MinimumVisualStudioVersion = 10.0.40219.1
Project("{9A19103F-16F7-4668-BE54-9A1E7A4F7556}") = "HelloWorld", "HelloWorld\HelloWorld.csproj", "{23F07107-84CA-4EEE-A2CC-94EB1CCBD5B2}"
EndProject
Project("{FAE04EC0-301F-11D3-BF4B-00C04F79EFBC}") = "HelloWorldInNet5", "HelloWorldInNet5\HelloWorldInNet5.csproj", "{3EE050D2-83B7-41F0-94A4-63C55C7B1EEC}"
EndProject
Global
	GlobalSection(SolutionConfigurationPlatforms) = preSolution
		Debug|Any CPU = Debug|Any CPU
		Release|Any CPU = Release|Any CPU
	EndGlobalSection
	GlobalSection(ProjectConfigurationPlatforms) = postSolution
		{23F07107-84CA-4EEE-A2CC-94EB1CCBD5B2}.Debug|Any CPU.ActiveCfg = Debug|Any CPU
		{23F07107-84CA-4EEE-A2CC-94EB1CCBD5B2}.Debug|Any CPU.Build.0 = Debug|Any CPU
		{23F07107-84CA-4EEE-A2CC-94EB1CCBD5B2}.Release|Any CPU.ActiveCfg = Release|Any CPU
		{23F07107-84CA-4EEE-A2CC-94EB1CCBD5B2}.Release|Any CPU.Build.0 = Release|Any CPU
		{3EE050D2-83B7-41F0-94A4-63C55C7B1EEC}.Debug|Any CPU.ActiveCfg = Debug|Any CPU
		{3EE050D2-83B7-41F0-94A4-63C55C7B1EEC}.Debug|Any CPU.Build.0 = Debug|Any CPU
		{3EE050D2-83B7-41F0-94A4-63C55C7B1EEC}.Release|Any CPU.ActiveCfg = Release|Any CPU
		{3EE050D2-83B7-41F0-94A4-63C55C7B1EEC}.Release|Any CPU.Build.0 = Release|Any CPU
	EndGlobalSection
	GlobalSection(SolutionProperties) = preSolution
		HideSolutionNode = FALSE
	EndGlobalSection
	GlobalSection(ExtensibilityGlobals) = postSolution
		SolutionGuid = {EB7E0CCB-E8AC-4C18-AB76-FDF7FCB91ACA}
	EndGlobalSection
EndGlobal
