
Microsoft Visual Studio Solution File, Format Version 12.00
# Visual Studio Version 17
VisualStudioVersion = 17.6.33829.357
MinimumVisualStudioVersion = 10.0.40219.1
Project("{FAE04EC0-301F-11D3-BF4B-00C04F79EFBC}") = "ListsHomework", "ListsHomework\ListsHomework.csproj", "{44DCC609-5261-482A-B6CA-682CB6B04F1B}"
EndProject
Global
	GlobalSection(SolutionConfigurationPlatforms) = preSolution
		Debug|Any CPU = Debug|Any CPU
		Release|Any CPU = Release|Any CPU
	EndGlobalSection
	GlobalSection(ProjectConfigurationPlatforms) = postSolution
		{44DCC609-5261-482A-B6CA-682CB6B04F1B}.Debug|Any CPU.ActiveCfg = Debug|Any CPU
		{44DCC609-5261-482A-B6CA-682CB6B04F1B}.Debug|Any CPU.Build.0 = Debug|Any CPU
		{44DCC609-5261-482A-B6CA-682CB6B04F1B}.Release|Any CPU.ActiveCfg = Release|Any CPU
		{44DCC609-5261-482A-B6CA-682CB6B04F1B}.Release|Any CPU.Build.0 = Release|Any CPU
	EndGlobalSection
	GlobalSection(SolutionProperties) = preSolution
		HideSolutionNode = FALSE
	EndGlobalSection
	GlobalSection(ExtensibilityGlobals) = postSolution
		SolutionGuid = {A31021DB-8DDA-4919-980E-ACB808CDE0A5}
	EndGlobalSection
EndGlobal
