
Microsoft Visual Studio Solution File, Format Version 12.00
# Visual Studio Version 17
VisualStudioVersion = 17.6.33829.357
MinimumVisualStudioVersion = 10.0.40219.1
Project("{FAE04EC0-301F-11D3-BF4B-00C04F79EFBC}") = "IfStatementsBasic", "IfStatements\IfStatementsBasic.csproj", "{F78C2A6D-AB20-4DC9-91C1-CB45F40D7153}"
EndProject
Project("{FAE04EC0-301F-11D3-BF4B-00C04F79EFBC}") = "IfStatementsBasicPractice", "IfStatementsBasicPractice\IfStatementsBasicPractice.csproj", "{202349F1-08D3-4ABC-A492-5DF67CA1626D}"
EndProject
Project("{FAE04EC0-301F-11D3-BF4B-00C04F79EFBC}") = "IfStatementsAdvanced", "IfStatementsAdvanced\IfStatementsAdvanced.csproj", "{19571593-00FE-4314-A906-8A317C6245AA}"
EndProject
Global
	GlobalSection(SolutionConfigurationPlatforms) = preSolution
		Debug|Any CPU = Debug|Any CPU
		Release|Any CPU = Release|Any CPU
	EndGlobalSection
	GlobalSection(ProjectConfigurationPlatforms) = postSolution
		{F78C2A6D-AB20-4DC9-91C1-CB45F40D7153}.Debug|Any CPU.ActiveCfg = Debug|Any CPU
		{F78C2A6D-AB20-4DC9-91C1-CB45F40D7153}.Debug|Any CPU.Build.0 = Debug|Any CPU
		{F78C2A6D-AB20-4DC9-91C1-CB45F40D7153}.Release|Any CPU.ActiveCfg = Release|Any CPU
		{F78C2A6D-AB20-4DC9-91C1-CB45F40D7153}.Release|Any CPU.Build.0 = Release|Any CPU
		{202349F1-08D3-4ABC-A492-5DF67CA1626D}.Debug|Any CPU.ActiveCfg = Debug|Any CPU
		{202349F1-08D3-4ABC-A492-5DF67CA1626D}.Debug|Any CPU.Build.0 = Debug|Any CPU
		{202349F1-08D3-4ABC-A492-5DF67CA1626D}.Release|Any CPU.ActiveCfg = Release|Any CPU
		{202349F1-08D3-4ABC-A492-5DF67CA1626D}.Release|Any CPU.Build.0 = Release|Any CPU
		{19571593-00FE-4314-A906-8A317C6245AA}.Debug|Any CPU.ActiveCfg = Debug|Any CPU
		{19571593-00FE-4314-A906-8A317C6245AA}.Debug|Any CPU.Build.0 = Debug|Any CPU
		{19571593-00FE-4314-A906-8A317C6245AA}.Release|Any CPU.ActiveCfg = Release|Any CPU
		{19571593-00FE-4314-A906-8A317C6245AA}.Release|Any CPU.Build.0 = Release|Any CPU
	EndGlobalSection
	GlobalSection(SolutionProperties) = preSolution
		HideSolutionNode = FALSE
	EndGlobalSection
	GlobalSection(ExtensibilityGlobals) = postSolution
		SolutionGuid = {82792F9C-34D3-4EF3-8F13-2001E7C36BA0}
	EndGlobalSection
EndGlobal
