
Microsoft Visual Studio Solution File, Format Version 12.00
# Visual Studio Version 17
VisualStudioVersion = 17.6.33829.357
MinimumVisualStudioVersion = 10.0.40219.1
Project("{9A19103F-16F7-4668-BE54-9A1E7A4F7556}") = "SQLServerUI", "SQLServerUI\SQLServerUI.csproj", "{B8703019-2032-41D0-8F5B-B15C52F6C84F}"
EndProject
Project("{9A19103F-16F7-4668-BE54-9A1E7A4F7556}") = "DataAccessLibrary", "DataAccessLibrary\DataAccessLibrary.csproj", "{9697BCB6-C41E-4AC0-9A83-2F05CC65B402}"
EndProject
Project("{00D1A9C2-B5F0-4AF3-8072-F6C62B433612}") = "SQLContactsDB", "SQLContactsDB\SQLContactsDB.sqlproj", "{098D4E70-EC2B-41C5-8A17-CCB8F6D54140}"
EndProject
Project("{9A19103F-16F7-4668-BE54-9A1E7A4F7556}") = "SqliteUI", "SqliteUI\SqliteUI.csproj", "{9CCC353C-4B4E-4FFE-A32C-69C050690135}"
EndProject
Project("{FAE04EC0-301F-11D3-BF4B-00C04F79EFBC}") = "MYSqlUI", "MYSqlUI\MYSqlUI.csproj", "{32907633-D8DE-4C43-9FAB-47E2F9EE9FA2}"
EndProject
Global
	GlobalSection(SolutionConfigurationPlatforms) = preSolution
		Debug|Any CPU = Debug|Any CPU
		Release|Any CPU = Release|Any CPU
	EndGlobalSection
	GlobalSection(ProjectConfigurationPlatforms) = postSolution
		{B8703019-2032-41D0-8F5B-B15C52F6C84F}.Debug|Any CPU.ActiveCfg = Debug|Any CPU
		{B8703019-2032-41D0-8F5B-B15C52F6C84F}.Debug|Any CPU.Build.0 = Debug|Any CPU
		{B8703019-2032-41D0-8F5B-B15C52F6C84F}.Release|Any CPU.ActiveCfg = Release|Any CPU
		{B8703019-2032-41D0-8F5B-B15C52F6C84F}.Release|Any CPU.Build.0 = Release|Any CPU
		{9697BCB6-C41E-4AC0-9A83-2F05CC65B402}.Debug|Any CPU.ActiveCfg = Debug|Any CPU
		{9697BCB6-C41E-4AC0-9A83-2F05CC65B402}.Debug|Any CPU.Build.0 = Debug|Any CPU
		{9697BCB6-C41E-4AC0-9A83-2F05CC65B402}.Release|Any CPU.ActiveCfg = Release|Any CPU
		{9697BCB6-C41E-4AC0-9A83-2F05CC65B402}.Release|Any CPU.Build.0 = Release|Any CPU
		{098D4E70-EC2B-41C5-8A17-CCB8F6D54140}.Debug|Any CPU.ActiveCfg = Debug|Any CPU
		{098D4E70-EC2B-41C5-8A17-CCB8F6D54140}.Debug|Any CPU.Build.0 = Debug|Any CPU
		{098D4E70-EC2B-41C5-8A17-CCB8F6D54140}.Debug|Any CPU.Deploy.0 = Debug|Any CPU
		{098D4E70-EC2B-41C5-8A17-CCB8F6D54140}.Release|Any CPU.ActiveCfg = Release|Any CPU
		{098D4E70-EC2B-41C5-8A17-CCB8F6D54140}.Release|Any CPU.Build.0 = Release|Any CPU
		{098D4E70-EC2B-41C5-8A17-CCB8F6D54140}.Release|Any CPU.Deploy.0 = Release|Any CPU
		{9CCC353C-4B4E-4FFE-A32C-69C050690135}.Debug|Any CPU.ActiveCfg = Debug|Any CPU
		{9CCC353C-4B4E-4FFE-A32C-69C050690135}.Debug|Any CPU.Build.0 = Debug|Any CPU
		{9CCC353C-4B4E-4FFE-A32C-69C050690135}.Release|Any CPU.ActiveCfg = Release|Any CPU
		{9CCC353C-4B4E-4FFE-A32C-69C050690135}.Release|Any CPU.Build.0 = Release|Any CPU
		{32907633-D8DE-4C43-9FAB-47E2F9EE9FA2}.Debug|Any CPU.ActiveCfg = Debug|Any CPU
		{32907633-D8DE-4C43-9FAB-47E2F9EE9FA2}.Debug|Any CPU.Build.0 = Debug|Any CPU
		{32907633-D8DE-4C43-9FAB-47E2F9EE9FA2}.Release|Any CPU.ActiveCfg = Release|Any CPU
		{32907633-D8DE-4C43-9FAB-47E2F9EE9FA2}.Release|Any CPU.Build.0 = Release|Any CPU
	EndGlobalSection
	GlobalSection(SolutionProperties) = preSolution
		HideSolutionNode = FALSE
	EndGlobalSection
	GlobalSection(ExtensibilityGlobals) = postSolution
		SolutionGuid = {CE2FD32B-B450-4EFF-A227-14857D9A8704}
	EndGlobalSection
EndGlobal
