
Microsoft Visual Studio Solution File, Format Version 12.00
# Visual Studio Version 17
VisualStudioVersion = 17.6.33829.357
MinimumVisualStudioVersion = 10.0.40219.1
Project("{FAE04EC0-301F-11D3-BF4B-00C04F79EFBC}") = "DemoLibrary", "DemoLibrary\DemoLibrary.csproj", "{84B657EB-B810-4B31-ADE6-8734A23AC237}"
EndProject
Project("{FAE04EC0-301F-11D3-BF4B-00C04F79EFBC}") = "DemoLibrary.Tests", "DemoLibrary.Tests\DemoLibrary.Tests.csproj", "{D1935C99-9FEC-4E46-A32C-4856B7E76AAB}"
EndProject
Global
	GlobalSection(SolutionConfigurationPlatforms) = preSolution
		Debug|Any CPU = Debug|Any CPU
		Release|Any CPU = Release|Any CPU
	EndGlobalSection
	GlobalSection(ProjectConfigurationPlatforms) = postSolution
		{84B657EB-B810-4B31-ADE6-8734A23AC237}.Debug|Any CPU.ActiveCfg = Debug|Any CPU
		{84B657EB-B810-4B31-ADE6-8734A23AC237}.Debug|Any CPU.Build.0 = Debug|Any CPU
		{84B657EB-B810-4B31-ADE6-8734A23AC237}.Release|Any CPU.ActiveCfg = Release|Any CPU
		{84B657EB-B810-4B31-ADE6-8734A23AC237}.Release|Any CPU.Build.0 = Release|Any CPU
		{D1935C99-9FEC-4E46-A32C-4856B7E76AAB}.Debug|Any CPU.ActiveCfg = Debug|Any CPU
		{D1935C99-9FEC-4E46-A32C-4856B7E76AAB}.Debug|Any CPU.Build.0 = Debug|Any CPU
		{D1935C99-9FEC-4E46-A32C-4856B7E76AAB}.Release|Any CPU.ActiveCfg = Release|Any CPU
		{D1935C99-9FEC-4E46-A32C-4856B7E76AAB}.Release|Any CPU.Build.0 = Release|Any CPU
	EndGlobalSection
	GlobalSection(SolutionProperties) = preSolution
		HideSolutionNode = FALSE
	EndGlobalSection
	GlobalSection(ExtensibilityGlobals) = postSolution
		SolutionGuid = {DEDF1FF7-E5EA-4D36-BB4D-667C19AB2B94}
	EndGlobalSection
EndGlobal
