
Microsoft Visual Studio Solution File, Format Version 12.00
# Visual Studio Version 17
VisualStudioVersion = 17.6.33829.357
MinimumVisualStudioVersion = 10.0.40219.1
Project("{FAE04EC0-301F-11D3-BF4B-00C04F79EFBC}") = "InterfacesHomework", "InterfacesHomework\InterfacesHomework.csproj", "{EF538E77-BA5A-4CAE-910B-682B53912FFC}"
EndProject
Global
	GlobalSection(SolutionConfigurationPlatforms) = preSolution
		Debug|Any CPU = Debug|Any CPU
		Release|Any CPU = Release|Any CPU
	EndGlobalSection
	GlobalSection(ProjectConfigurationPlatforms) = postSolution
		{EF538E77-BA5A-4CAE-910B-682B53912FFC}.Debug|Any CPU.ActiveCfg = Debug|Any CPU
		{EF538E77-BA5A-4CAE-910B-682B53912FFC}.Debug|Any CPU.Build.0 = Debug|Any CPU
		{EF538E77-BA5A-4CAE-910B-682B53912FFC}.Release|Any CPU.ActiveCfg = Release|Any CPU
		{EF538E77-BA5A-4CAE-910B-682B53912FFC}.Release|Any CPU.Build.0 = Release|Any CPU
	EndGlobalSection
	GlobalSection(SolutionProperties) = preSolution
		HideSolutionNode = FALSE
	EndGlobalSection
	GlobalSection(ExtensibilityGlobals) = postSolution
		SolutionGuid = {EB0DD343-F726-493C-983B-ACB976512C7F}
	EndGlobalSection
EndGlobal
