
Microsoft Visual Studio Solution File, Format Version 12.00
# Visual Studio Version 17
VisualStudioVersion = 17.6.33829.357
MinimumVisualStudioVersion = 10.0.40219.1
Project("{FAE04EC0-301F-11D3-BF4B-00C04F79EFBC}") = "WindowsFormsHomework", "WindowsFormsHomework\WindowsFormsHomework.csproj", "{B75A7235-BB66-4590-85CD-07911081BC6E}"
EndProject
Global
	GlobalSection(SolutionConfigurationPlatforms) = preSolution
		Debug|Any CPU = Debug|Any CPU
		Release|Any CPU = Release|Any CPU
	EndGlobalSection
	GlobalSection(ProjectConfigurationPlatforms) = postSolution
		{B75A7235-BB66-4590-85CD-07911081BC6E}.Debug|Any CPU.ActiveCfg = Debug|Any CPU
		{B75A7235-BB66-4590-85CD-07911081BC6E}.Debug|Any CPU.Build.0 = Debug|Any CPU
		{B75A7235-BB66-4590-85CD-07911081BC6E}.Release|Any CPU.ActiveCfg = Release|Any CPU
		{B75A7235-BB66-4590-85CD-07911081BC6E}.Release|Any CPU.Build.0 = Release|Any CPU
	EndGlobalSection
	GlobalSection(SolutionProperties) = preSolution
		HideSolutionNode = FALSE
	EndGlobalSection
	GlobalSection(ExtensibilityGlobals) = postSolution
		SolutionGuid = {3B2CD71F-FA79-4780-838D-9CDB5B630CDB}
	EndGlobalSection
EndGlobal
