
Microsoft Visual Studio Solution File, Format Version 12.00
# Visual Studio Version 17
VisualStudioVersion = 17.6.33829.357
MinimumVisualStudioVersion = 10.0.40219.1
Project("{FAE04EC0-301F-11D3-BF4B-00C04F79EFBC}") = "WPFMessageWall", "WPFMessageWall\WPFMessageWall.csproj", "{06974A71-C3B4-4664-B9C1-783B31D3D5DE}"
EndProject
Global
	GlobalSection(SolutionConfigurationPlatforms) = preSolution
		Debug|Any CPU = Debug|Any CPU
		Release|Any CPU = Release|Any CPU
	EndGlobalSection
	GlobalSection(ProjectConfigurationPlatforms) = postSolution
		{06974A71-C3B4-4664-B9C1-783B31D3D5DE}.Debug|Any CPU.ActiveCfg = Debug|Any CPU
		{06974A71-C3B4-4664-B9C1-783B31D3D5DE}.Debug|Any CPU.Build.0 = Debug|Any CPU
		{06974A71-C3B4-4664-B9C1-783B31D3D5DE}.Release|Any CPU.ActiveCfg = Release|Any CPU
		{06974A71-C3B4-4664-B9C1-783B31D3D5DE}.Release|Any CPU.Build.0 = Release|Any CPU
	EndGlobalSection
	GlobalSection(SolutionProperties) = preSolution
		HideSolutionNode = FALSE
	EndGlobalSection
	GlobalSection(ExtensibilityGlobals) = postSolution
		SolutionGuid = {9E688122-EA22-4589-8EBB-80EFCC29C82F}
	EndGlobalSection
EndGlobal
