
Microsoft Visual Studio Solution File, Format Version 12.00
# Visual Studio Version 17
VisualStudioVersion = 17.6.33829.357
MinimumVisualStudioVersion = 10.0.40219.1
Project("{FAE04EC0-301F-11D3-BF4B-00C04F79EFBC}") = "BattleShipProject", "BattleShipProject\BattleShipProject.csproj", "{344A8E99-D5A2-4FB8-AA18-3106DDC72B95}"
EndProject
Project("{FAE04EC0-301F-11D3-BF4B-00C04F79EFBC}") = "BattleShipLiteLibrary", "BattleShipLiteLibrary\BattleShipLiteLibrary.csproj", "{11F53C36-D4FE-4CB6-B672-261E4507C143}"
EndProject
Global
	GlobalSection(SolutionConfigurationPlatforms) = preSolution
		Debug|Any CPU = Debug|Any CPU
		Release|Any CPU = Release|Any CPU
	EndGlobalSection
	GlobalSection(ProjectConfigurationPlatforms) = postSolution
		{344A8E99-D5A2-4FB8-AA18-3106DDC72B95}.Debug|Any CPU.ActiveCfg = Debug|Any CPU
		{344A8E99-D5A2-4FB8-AA18-3106DDC72B95}.Debug|Any CPU.Build.0 = Debug|Any CPU
		{344A8E99-D5A2-4FB8-AA18-3106DDC72B95}.Release|Any CPU.ActiveCfg = Release|Any CPU
		{344A8E99-D5A2-4FB8-AA18-3106DDC72B95}.Release|Any CPU.Build.0 = Release|Any CPU
		{11F53C36-D4FE-4CB6-B672-261E4507C143}.Debug|Any CPU.ActiveCfg = Debug|Any CPU
		{11F53C36-D4FE-4CB6-B672-261E4507C143}.Debug|Any CPU.Build.0 = Debug|Any CPU
		{11F53C36-D4FE-4CB6-B672-261E4507C143}.Release|Any CPU.ActiveCfg = Release|Any CPU
		{11F53C36-D4FE-4CB6-B672-261E4507C143}.Release|Any CPU.Build.0 = Release|Any CPU
	EndGlobalSection
	GlobalSection(SolutionProperties) = preSolution
		HideSolutionNode = FALSE
	EndGlobalSection
	GlobalSection(ExtensibilityGlobals) = postSolution
		SolutionGuid = {F7028D4E-F26D-450E-B691-EDDCD54F90FA}
	EndGlobalSection
EndGlobal
