
Microsoft Visual Studio Solution File, Format Version 12.00
# Visual Studio Version 17
VisualStudioVersion = 17.6.33829.357
MinimumVisualStudioVersion = 10.0.40219.1
Project("{FAE04EC0-301F-11D3-BF4B-00C04F79EFBC}") = "CardGamesHomeWorkProject", "CardGamesHomeWorkProject\CardGamesHomeWorkProject.csproj", "{7A3CAE0B-3CB0-4316-B97C-414B774D958C}"
EndProject
Project("{FAE04EC0-301F-11D3-BF4B-00C04F79EFBC}") = "CardGamesLibrary", "CardGamesLibrary\CardGamesLibrary.csproj", "{77BAAC0D-8DE2-4F06-A3F3-A62C483CF35D}"
EndProject
Global
	GlobalSection(SolutionConfigurationPlatforms) = preSolution
		Debug|Any CPU = Debug|Any CPU
		Release|Any CPU = Release|Any CPU
	EndGlobalSection
	GlobalSection(ProjectConfigurationPlatforms) = postSolution
		{7A3CAE0B-3CB0-4316-B97C-414B774D958C}.Debug|Any CPU.ActiveCfg = Debug|Any CPU
		{7A3CAE0B-3CB0-4316-B97C-414B774D958C}.Debug|Any CPU.Build.0 = Debug|Any CPU
		{7A3CAE0B-3CB0-4316-B97C-414B774D958C}.Release|Any CPU.ActiveCfg = Release|Any CPU
		{7A3CAE0B-3CB0-4316-B97C-414B774D958C}.Release|Any CPU.Build.0 = Release|Any CPU
		{77BAAC0D-8DE2-4F06-A3F3-A62C483CF35D}.Debug|Any CPU.ActiveCfg = Debug|Any CPU
		{77BAAC0D-8DE2-4F06-A3F3-A62C483CF35D}.Debug|Any CPU.Build.0 = Debug|Any CPU
		{77BAAC0D-8DE2-4F06-A3F3-A62C483CF35D}.Release|Any CPU.ActiveCfg = Release|Any CPU
		{77BAAC0D-8DE2-4F06-A3F3-A62C483CF35D}.Release|Any CPU.Build.0 = Release|Any CPU
	EndGlobalSection
	GlobalSection(SolutionProperties) = preSolution
		HideSolutionNode = FALSE
	EndGlobalSection
	GlobalSection(ExtensibilityGlobals) = postSolution
		SolutionGuid = {C1CDDA51-A449-440B-BB3B-116B6D40C1D9}
	EndGlobalSection
EndGlobal
