
Microsoft Visual Studio Solution File, Format Version 12.00
# Visual Studio Version 17
VisualStudioVersion = 17.6.33829.357
MinimumVisualStudioVersion = 10.0.40219.1
Project("{FAE04EC0-301F-11D3-BF4B-00C04F79EFBC}") = "ArraysHomework", "ArraysHomework\ArraysHomework.csproj", "{11763B60-D10D-435B-A5C0-4371364AE9C3}"
EndProject
Global
	GlobalSection(SolutionConfigurationPlatforms) = preSolution
		Debug|Any CPU = Debug|Any CPU
		Release|Any CPU = Release|Any CPU
	EndGlobalSection
	GlobalSection(ProjectConfigurationPlatforms) = postSolution
		{11763B60-D10D-435B-A5C0-4371364AE9C3}.Debug|Any CPU.ActiveCfg = Debug|Any CPU
		{11763B60-D10D-435B-A5C0-4371364AE9C3}.Debug|Any CPU.Build.0 = Debug|Any CPU
		{11763B60-D10D-435B-A5C0-4371364AE9C3}.Release|Any CPU.ActiveCfg = Release|Any CPU
		{11763B60-D10D-435B-A5C0-4371364AE9C3}.Release|Any CPU.Build.0 = Release|Any CPU
	EndGlobalSection
	GlobalSection(SolutionProperties) = preSolution
		HideSolutionNode = FALSE
	EndGlobalSection
	GlobalSection(ExtensibilityGlobals) = postSolution
		SolutionGuid = {C0CA7051-4E0C-4BEE-B7D7-F63994ED4A9F}
	EndGlobalSection
EndGlobal
