
Microsoft Visual Studio Solution File, Format Version 12.00
# Visual Studio Version 17
VisualStudioVersion = 17.6.33829.357
MinimumVisualStudioVersion = 10.0.40219.1
Project("{FAE04EC0-301F-11D3-BF4B-00C04F79EFBC}") = "ForEachLoops", "ForEachLoops\ForEachLoops.csproj", "{82DAE3B5-FD46-4689-9DDC-2395D8066E51}"
EndProject
Global
	GlobalSection(SolutionConfigurationPlatforms) = preSolution
		Debug|Any CPU = Debug|Any CPU
		Release|Any CPU = Release|Any CPU
	EndGlobalSection
	GlobalSection(ProjectConfigurationPlatforms) = postSolution
		{82DAE3B5-FD46-4689-9DDC-2395D8066E51}.Debug|Any CPU.ActiveCfg = Debug|Any CPU
		{82DAE3B5-FD46-4689-9DDC-2395D8066E51}.Debug|Any CPU.Build.0 = Debug|Any CPU
		{82DAE3B5-FD46-4689-9DDC-2395D8066E51}.Release|Any CPU.ActiveCfg = Release|Any CPU
		{82DAE3B5-FD46-4689-9DDC-2395D8066E51}.Release|Any CPU.Build.0 = Release|Any CPU
	EndGlobalSection
	GlobalSection(SolutionProperties) = preSolution
		HideSolutionNode = FALSE
	EndGlobalSection
	GlobalSection(ExtensibilityGlobals) = postSolution
		SolutionGuid = {2C37BB8C-2E43-4E95-B503-15C9D70D4731}
	EndGlobalSection
EndGlobal
