
Microsoft Visual Studio Solution File, Format Version 12.00
# Visual Studio Version 17
VisualStudioVersion = 17.6.33829.357
MinimumVisualStudioVersion = 10.0.40219.1
Project("{FAE04EC0-301F-11D3-BF4B-00C04F79EFBC}") = "BoolVariables", "BoolVariables\BoolVariables.csproj", "{440D6343-0B7A-4E20-862D-8BA0A21810E0}"
EndProject
Project("{FAE04EC0-301F-11D3-BF4B-00C04F79EFBC}") = "BoolVariablesPractice", "BoolVariablesPractice\BoolVariablesPractice.csproj", "{B91D6C98-5FD6-4372-940C-60B8255C8EEB}"
EndProject
Global
	GlobalSection(SolutionConfigurationPlatforms) = preSolution
		Debug|Any CPU = Debug|Any CPU
		Release|Any CPU = Release|Any CPU
	EndGlobalSection
	GlobalSection(ProjectConfigurationPlatforms) = postSolution
		{440D6343-0B7A-4E20-862D-8BA0A21810E0}.Debug|Any CPU.ActiveCfg = Debug|Any CPU
		{440D6343-0B7A-4E20-862D-8BA0A21810E0}.Debug|Any CPU.Build.0 = Debug|Any CPU
		{440D6343-0B7A-4E20-862D-8BA0A21810E0}.Release|Any CPU.ActiveCfg = Release|Any CPU
		{440D6343-0B7A-4E20-862D-8BA0A21810E0}.Release|Any CPU.Build.0 = Release|Any CPU
		{B91D6C98-5FD6-4372-940C-60B8255C8EEB}.Debug|Any CPU.ActiveCfg = Debug|Any CPU
		{B91D6C98-5FD6-4372-940C-60B8255C8EEB}.Debug|Any CPU.Build.0 = Debug|Any CPU
		{B91D6C98-5FD6-4372-940C-60B8255C8EEB}.Release|Any CPU.ActiveCfg = Release|Any CPU
		{B91D6C98-5FD6-4372-940C-60B8255C8EEB}.Release|Any CPU.Build.0 = Release|Any CPU
	EndGlobalSection
	GlobalSection(SolutionProperties) = preSolution
		HideSolutionNode = FALSE
	EndGlobalSection
	GlobalSection(ExtensibilityGlobals) = postSolution
		SolutionGuid = {C61CB69C-1060-467D-9E38-4D817AC659F6}
	EndGlobalSection
EndGlobal
