
Microsoft Visual Studio Solution File, Format Version 12.00
# Visual Studio Version 17
VisualStudioVersion = 17.6.33829.357
MinimumVisualStudioVersion = 10.0.40219.1
Project("{FAE04EC0-301F-11D3-BF4B-00C04F79EFBC}") = "MySecondProject", "SecondProject\MySecondProject.csproj", "{6505324C-82FE-4755-BB56-089EA6A5C95D}"
EndProject
Global
	GlobalSection(SolutionConfigurationPlatforms) = preSolution
		Debug|Any CPU = Debug|Any CPU
		Release|Any CPU = Release|Any CPU
	EndGlobalSection
	GlobalSection(ProjectConfigurationPlatforms) = postSolution
		{6505324C-82FE-4755-BB56-089EA6A5C95D}.Debug|Any CPU.ActiveCfg = Debug|Any CPU
		{6505324C-82FE-4755-BB56-089EA6A5C95D}.Debug|Any CPU.Build.0 = Debug|Any CPU
		{6505324C-82FE-4755-BB56-089EA6A5C95D}.Release|Any CPU.ActiveCfg = Release|Any CPU
		{6505324C-82FE-4755-BB56-089EA6A5C95D}.Release|Any CPU.Build.0 = Release|Any CPU
	EndGlobalSection
	GlobalSection(SolutionProperties) = preSolution
		HideSolutionNode = FALSE
	EndGlobalSection
	GlobalSection(ExtensibilityGlobals) = postSolution
		SolutionGuid = {FCDC8BB4-16F2-443F-A1AD-DC7E3F02247C}
	EndGlobalSection
EndGlobal
